
Microsoft Visual Studio Solution File, Format Version 12.00
# Visual Studio Version 16
VisualStudioVersion = 16.0.29519.181
MinimumVisualStudioVersion = 10.0.40219.1
Project("{9A19103F-16F7-4668-BE54-9A1E7A4F7556}") = "Web.Store", "Web.Store\Web.Store.csproj", "{C1A03CB3-2EEC-4E6C-A11C-0AE87C886F99}"
EndProject
Project("{9A19103F-16F7-4668-BE54-9A1E7A4F7556}") = "Data-Access-Layer", "Data-Access-Layer\Data-Access-Layer.csproj", "{1EEAEB64-9CF3-44A5-829B-5A50DA4A97E0}"
EndProject
Project("{9A19103F-16F7-4668-BE54-9A1E7A4F7556}") = "Web.Bll", "Web.Bll\Web.Bll.csproj", "{29F6DBF7-0416-466F-88E6-82F41C3AA04E}"
EndProject
Project("{9A19103F-16F7-4668-BE54-9A1E7A4F7556}") = "Web", "Web\Web.csproj", "{99442B7B-01F3-4D5A-974C-7207C4517ADF}"
EndProject
Global
	GlobalSection(SolutionConfigurationPlatforms) = preSolution
		Debug|Any CPU = Debug|Any CPU
		Release|Any CPU = Release|Any CPU
	EndGlobalSection
	GlobalSection(ProjectConfigurationPlatforms) = postSolution
		{C1A03CB3-2EEC-4E6C-A11C-0AE87C886F99}.Debug|Any CPU.ActiveCfg = Debug|Any CPU
		{C1A03CB3-2EEC-4E6C-A11C-0AE87C886F99}.Debug|Any CPU.Build.0 = Debug|Any CPU
		{C1A03CB3-2EEC-4E6C-A11C-0AE87C886F99}.Release|Any CPU.ActiveCfg = Release|Any CPU
		{C1A03CB3-2EEC-4E6C-A11C-0AE87C886F99}.Release|Any CPU.Build.0 = Release|Any CPU
		{1EEAEB64-9CF3-44A5-829B-5A50DA4A97E0}.Debug|Any CPU.ActiveCfg = Debug|Any CPU
		{1EEAEB64-9CF3-44A5-829B-5A50DA4A97E0}.Debug|Any CPU.Build.0 = Debug|Any CPU
		{1EEAEB64-9CF3-44A5-829B-5A50DA4A97E0}.Release|Any CPU.ActiveCfg = Release|Any CPU
		{1EEAEB64-9CF3-44A5-829B-5A50DA4A97E0}.Release|Any CPU.Build.0 = Release|Any CPU
		{29F6DBF7-0416-466F-88E6-82F41C3AA04E}.Debug|Any CPU.ActiveCfg = Debug|Any CPU
		{29F6DBF7-0416-466F-88E6-82F41C3AA04E}.Debug|Any CPU.Build.0 = Debug|Any CPU
		{29F6DBF7-0416-466F-88E6-82F41C3AA04E}.Release|Any CPU.ActiveCfg = Release|Any CPU
		{29F6DBF7-0416-466F-88E6-82F41C3AA04E}.Release|Any CPU.Build.0 = Release|Any CPU
		{99442B7B-01F3-4D5A-974C-7207C4517ADF}.Debug|Any CPU.ActiveCfg = Debug|Any CPU
		{99442B7B-01F3-4D5A-974C-7207C4517ADF}.Debug|Any CPU.Build.0 = Debug|Any CPU
		{99442B7B-01F3-4D5A-974C-7207C4517ADF}.Release|Any CPU.ActiveCfg = Release|Any CPU
		{99442B7B-01F3-4D5A-974C-7207C4517ADF}.Release|Any CPU.Build.0 = Release|Any CPU
	EndGlobalSection
	GlobalSection(SolutionProperties) = preSolution
		HideSolutionNode = FALSE
	EndGlobalSection
	GlobalSection(ExtensibilityGlobals) = postSolution
		SolutionGuid = {6A7DEC47-416E-461D-9DD9-5B6BCCF3408D}
	EndGlobalSection
EndGlobal
